
Microsoft Visual Studio Solution File, Format Version 12.00
# Visual Studio Version 18
VisualStudioVersion = 18.0.11012.119 d18.0
MinimumVisualStudioVersion = 10.0.40219.1
Project("{FAE04EC0-301F-11D3-BF4B-00C04F79EFBC}") = "TC.CloudGames.Games.Domain", "src\Core\TC.CloudGames.Games.Domain\TC.CloudGames.Games.Domain.csproj", "{2740302E-35C2-4F37-A3B7-537FEBFEB51E}"
EndProject
Project("{2150E333-8FDC-42A3-9474-1A3956D46DE8}") = "common", "common", "{02EA681E-C7D8-13C7-8484-4AC65E1B71E8}"
EndProject
Project("{2150E333-8FDC-42A3-9474-1A3956D46DE8}") = "Library Items", "Library Items", "{1026AA6D-0BEC-45DC-943C-D3AB7C266E92}"
	ProjectSection(SolutionItems) = preProject
		..\..\shared\common\Directory.Build.props = ..\..\shared\common\Directory.Build.props
		..\..\shared\common\global.json = ..\..\shared\common\global.json
	EndProjectSection
EndProject
Project("{FAE04EC0-301F-11D3-BF4B-00C04F79EFBC}") = "TC.CloudGames.Contracts", "..\..\shared\common\src\TC.CloudGames.Contracts\TC.CloudGames.Contracts.csproj", "{BF634AAF-587E-1916-7EED-FB2526DC3D01}"
EndProject
Project("{FAE04EC0-301F-11D3-BF4B-00C04F79EFBC}") = "TC.CloudGames.SharedKernel", "..\..\shared\common\src\TC.CloudGames.SharedKernel\TC.CloudGames.SharedKernel.csproj", "{1B25FAAA-B192-4646-31AB-4F7985CB6D36}"
EndProject
Project("{2150E333-8FDC-42A3-9474-1A3956D46DE8}") = "Solution Items", "Solution Items", "{CB8AC969-31F1-4BE0-8917-BE2D2F2FB511}"
	ProjectSection(SolutionItems) = preProject
		Directory.Build.props = Directory.Build.props
		global.json = global.json
	EndProjectSection
EndProject
Project("{2150E333-8FDC-42A3-9474-1A3956D46DE8}") = "src", "src", "{A3763B68-380D-4CEE-B4D9-FF88A5909196}"
EndProject
Project("{2150E333-8FDC-42A3-9474-1A3956D46DE8}") = "Adapters", "Adapters", "{894B5322-E218-4CA3-B0A9-63BE1C353D12}"
EndProject
Project("{2150E333-8FDC-42A3-9474-1A3956D46DE8}") = "Core", "Core", "{CD3AB887-0A98-4BDA-AE3F-271F032D5DB1}"
EndProject
Project("{2150E333-8FDC-42A3-9474-1A3956D46DE8}") = "Driven (Outbound)", "Driven (Outbound)", "{6556D6EF-6F8F-400B-A0B6-0C24BC1596F8}"
EndProject
Project("{2150E333-8FDC-42A3-9474-1A3956D46DE8}") = "Driver (Inbound)", "Driver (Inbound)", "{E351AD95-CEFF-4625-939F-3B28446BFE9B}"
EndProject
Project("{2150E333-8FDC-42A3-9474-1A3956D46DE8}") = "test", "test", "{C912CA49-A028-46C2-A89E-8BE102DD3BF6}"
EndProject
Project("{FAE04EC0-301F-11D3-BF4B-00C04F79EFBC}") = "TC.CloudGames.Games.Application", "src\Core\TC.CloudGames.Games.Application\TC.CloudGames.Games.Application.csproj", "{495ACB95-29FD-43A7-A318-CF5A33BA38DB}"
EndProject
Project("{FAE04EC0-301F-11D3-BF4B-00C04F79EFBC}") = "TC.CloudGames.Games.Infrastructure", "src\Adapters\Outbound\TC.CloudGames.Games.Infrastructure\TC.CloudGames.Games.Infrastructure.csproj", "{4A0EBBFE-AA40-4DD6-9C30-7973708247D7}"
EndProject
Project("{FAE04EC0-301F-11D3-BF4B-00C04F79EFBC}") = "TC.CloudGames.Games.Api", "src\Adapters\Inbound\TC.CloudGames.Games.Api\TC.CloudGames.Games.Api.csproj", "{55FF962A-46E9-48D2-BD95-73ECA2D207A0}"
EndProject
Project("{FAE04EC0-301F-11D3-BF4B-00C04F79EFBC}") = "TC.CloudGames.Messaging", "..\..\shared\common\src\TC.CloudGames.Messaging\TC.CloudGames.Messaging.csproj", "{12C5B4EA-84B6-23C9-9EC4-83BB986F10B1}"
EndProject
Project("{FAE04EC0-301F-11D3-BF4B-00C04F79EFBC}") = "TC.CloudGames.Games.Search", "src\Adapters\Outbound\TC.CloudGames.Games.Search\TC.CloudGames.Games.Search.csproj", "{048466D8-DB6C-4641-8A4B-C62517E8D923}"
EndProject
Project("{FAE04EC0-301F-11D3-BF4B-00C04F79EFBC}") = "TC.CloudGames.Games.Unit.Tests", "test\TC.CloudGames.Games.Unit.Tests\TC.CloudGames.Games.Unit.Tests.csproj", "{0BDA3AFB-F7AB-44A6-9570-BC3FB40D1FCD}"
EndProject
Global
	GlobalSection(SolutionConfigurationPlatforms) = preSolution
		Debug|Any CPU = Debug|Any CPU
		Release|Any CPU = Release|Any CPU
	EndGlobalSection
	GlobalSection(ProjectConfigurationPlatforms) = postSolution
		{2740302E-35C2-4F37-A3B7-537FEBFEB51E}.Debug|Any CPU.ActiveCfg = Debug|Any CPU
		{2740302E-35C2-4F37-A3B7-537FEBFEB51E}.Debug|Any CPU.Build.0 = Debug|Any CPU
		{2740302E-35C2-4F37-A3B7-537FEBFEB51E}.Release|Any CPU.ActiveCfg = Release|Any CPU
		{2740302E-35C2-4F37-A3B7-537FEBFEB51E}.Release|Any CPU.Build.0 = Release|Any CPU
		{BF634AAF-587E-1916-7EED-FB2526DC3D01}.Debug|Any CPU.ActiveCfg = Debug|Any CPU
		{BF634AAF-587E-1916-7EED-FB2526DC3D01}.Debug|Any CPU.Build.0 = Debug|Any CPU
		{BF634AAF-587E-1916-7EED-FB2526DC3D01}.Release|Any CPU.ActiveCfg = Release|Any CPU
		{BF634AAF-587E-1916-7EED-FB2526DC3D01}.Release|Any CPU.Build.0 = Release|Any CPU
		{1B25FAAA-B192-4646-31AB-4F7985CB6D36}.Debug|Any CPU.ActiveCfg = Debug|Any CPU
		{1B25FAAA-B192-4646-31AB-4F7985CB6D36}.Debug|Any CPU.Build.0 = Debug|Any CPU
		{1B25FAAA-B192-4646-31AB-4F7985CB6D36}.Release|Any CPU.ActiveCfg = Release|Any CPU
		{1B25FAAA-B192-4646-31AB-4F7985CB6D36}.Release|Any CPU.Build.0 = Release|Any CPU
		{495ACB95-29FD-43A7-A318-CF5A33BA38DB}.Debug|Any CPU.ActiveCfg = Debug|Any CPU
		{495ACB95-29FD-43A7-A318-CF5A33BA38DB}.Debug|Any CPU.Build.0 = Debug|Any CPU
		{495ACB95-29FD-43A7-A318-CF5A33BA38DB}.Release|Any CPU.ActiveCfg = Release|Any CPU
		{495ACB95-29FD-43A7-A318-CF5A33BA38DB}.Release|Any CPU.Build.0 = Release|Any CPU
		{4A0EBBFE-AA40-4DD6-9C30-7973708247D7}.Debug|Any CPU.ActiveCfg = Debug|Any CPU
		{4A0EBBFE-AA40-4DD6-9C30-7973708247D7}.Debug|Any CPU.Build.0 = Debug|Any CPU
		{4A0EBBFE-AA40-4DD6-9C30-7973708247D7}.Release|Any CPU.ActiveCfg = Release|Any CPU
		{4A0EBBFE-AA40-4DD6-9C30-7973708247D7}.Release|Any CPU.Build.0 = Release|Any CPU
		{55FF962A-46E9-48D2-BD95-73ECA2D207A0}.Debug|Any CPU.ActiveCfg = Debug|Any CPU
		{55FF962A-46E9-48D2-BD95-73ECA2D207A0}.Debug|Any CPU.Build.0 = Debug|Any CPU
		{55FF962A-46E9-48D2-BD95-73ECA2D207A0}.Release|Any CPU.ActiveCfg = Release|Any CPU
		{55FF962A-46E9-48D2-BD95-73ECA2D207A0}.Release|Any CPU.Build.0 = Release|Any CPU
		{12C5B4EA-84B6-23C9-9EC4-83BB986F10B1}.Debug|Any CPU.ActiveCfg = Debug|Any CPU
		{12C5B4EA-84B6-23C9-9EC4-83BB986F10B1}.Debug|Any CPU.Build.0 = Debug|Any CPU
		{12C5B4EA-84B6-23C9-9EC4-83BB986F10B1}.Release|Any CPU.ActiveCfg = Release|Any CPU
		{12C5B4EA-84B6-23C9-9EC4-83BB986F10B1}.Release|Any CPU.Build.0 = Release|Any CPU
		{048466D8-DB6C-4641-8A4B-C62517E8D923}.Debug|Any CPU.ActiveCfg = Debug|Any CPU
		{048466D8-DB6C-4641-8A4B-C62517E8D923}.Debug|Any CPU.Build.0 = Debug|Any CPU
		{048466D8-DB6C-4641-8A4B-C62517E8D923}.Release|Any CPU.ActiveCfg = Release|Any CPU
		{048466D8-DB6C-4641-8A4B-C62517E8D923}.Release|Any CPU.Build.0 = Release|Any CPU
		{0BDA3AFB-F7AB-44A6-9570-BC3FB40D1FCD}.Debug|Any CPU.ActiveCfg = Debug|Any CPU
		{0BDA3AFB-F7AB-44A6-9570-BC3FB40D1FCD}.Debug|Any CPU.Build.0 = Debug|Any CPU
		{0BDA3AFB-F7AB-44A6-9570-BC3FB40D1FCD}.Release|Any CPU.ActiveCfg = Release|Any CPU
		{0BDA3AFB-F7AB-44A6-9570-BC3FB40D1FCD}.Release|Any CPU.Build.0 = Release|Any CPU
	EndGlobalSection
	GlobalSection(SolutionProperties) = preSolution
		HideSolutionNode = FALSE
	EndGlobalSection
	GlobalSection(NestedProjects) = preSolution
		{2740302E-35C2-4F37-A3B7-537FEBFEB51E} = {CD3AB887-0A98-4BDA-AE3F-271F032D5DB1}
		{1026AA6D-0BEC-45DC-943C-D3AB7C266E92} = {02EA681E-C7D8-13C7-8484-4AC65E1B71E8}
		{BF634AAF-587E-1916-7EED-FB2526DC3D01} = {02EA681E-C7D8-13C7-8484-4AC65E1B71E8}
		{1B25FAAA-B192-4646-31AB-4F7985CB6D36} = {02EA681E-C7D8-13C7-8484-4AC65E1B71E8}
		{894B5322-E218-4CA3-B0A9-63BE1C353D12} = {A3763B68-380D-4CEE-B4D9-FF88A5909196}
		{CD3AB887-0A98-4BDA-AE3F-271F032D5DB1} = {A3763B68-380D-4CEE-B4D9-FF88A5909196}
		{6556D6EF-6F8F-400B-A0B6-0C24BC1596F8} = {894B5322-E218-4CA3-B0A9-63BE1C353D12}
		{E351AD95-CEFF-4625-939F-3B28446BFE9B} = {894B5322-E218-4CA3-B0A9-63BE1C353D12}
		{495ACB95-29FD-43A7-A318-CF5A33BA38DB} = {CD3AB887-0A98-4BDA-AE3F-271F032D5DB1}
		{4A0EBBFE-AA40-4DD6-9C30-7973708247D7} = {6556D6EF-6F8F-400B-A0B6-0C24BC1596F8}
		{55FF962A-46E9-48D2-BD95-73ECA2D207A0} = {E351AD95-CEFF-4625-939F-3B28446BFE9B}
		{12C5B4EA-84B6-23C9-9EC4-83BB986F10B1} = {02EA681E-C7D8-13C7-8484-4AC65E1B71E8}
		{048466D8-DB6C-4641-8A4B-C62517E8D923} = {6556D6EF-6F8F-400B-A0B6-0C24BC1596F8}
		{0BDA3AFB-F7AB-44A6-9570-BC3FB40D1FCD} = {C912CA49-A028-46C2-A89E-8BE102DD3BF6}
	EndGlobalSection
	GlobalSection(ExtensibilityGlobals) = postSolution
		SolutionGuid = {7A6F8352-9E6A-4369-9D08-B590AEC1BAB6}
	EndGlobalSection
EndGlobal
